<?xml version="1.0" encoding="UTF-8"?>
<Scheme
   LastUpgradeVersion = "0800"
   version = "1.3">
   <BuildAction
      parallelizeBuildables = "YES"
      buildImplicitDependencies = "YES">
      <BuildActionEntries>
         <BuildActionEntry
            buildForTesting = "YES"
            buildForRunning = "YES"
            buildForProfiling = "YES"
            buildForArchiving = "YES"
            buildForAnalyzing = "YES">
            <BuildableReference
               BuildableIdentifier = "primary"
               BlueprintIdentifier = "4574DDF51D938F0E0059B062"
               BuildableName = "TableView&#x7684;&#x4f7f;&#x7528;.app"
               BlueprintName = "TableView&#x7684;&#x4f7f;&#x7528;"
               ReferencedContainer = "container:SwiftPractise.xcodeproj">
            </BuildableReference>
         </BuildActionEntry>
      </BuildActionEntries>
   </BuildAction>
   <TestAction
      buildConfiguration = "Debug"
      selectedDebuggerIdentifier = "Xcode.DebuggerFoundation.Debugger.LLDB"
      selectedLauncherIdentifier = "Xcode.DebuggerFoundation.Launcher.LLDB"
      shouldUseLaunchSchemeArgsEnv = "YES">
      <Testables>
         <TestableReference
            skipped = "NO">
            <BuildableReference
               BuildableIdentifier = "primary"
               BlueprintIdentifier = "4574DE081D938F0E0059B062"
               BuildableName = "TableView&#x7684;&#x4f7f;&#x7528;Tests.xctest"
               BlueprintName = "TableView&#x7684;&#x4f7f;&#x7528;Tests"
               ReferencedContainer = "container:SwiftPractise.xcodeproj">
            </BuildableReference>
         </TestableReference>
         <TestableReference
            skipped = "NO">
            <BuildableReference
               BuildableIdentifier = "primary"
               BlueprintIdentifier = "4574DE131D938F0E0059B062"
               BuildableName = "TableView&#x7684;&#x4f7f;&#x7528;UITests.xctest"
               BlueprintName = "TableView&#x7684;&#x4f7f;&#x7528;UITests"
               ReferencedContainer = "container:SwiftPractise.xcodeproj">
            </BuildableReference>
         </TestableReference>
      </Testables>
      <MacroExpansion>
         <BuildableReference
            BuildableIdentifier = "primary"
            BlueprintIdentifier = "4574DDF51D938F0E0059B062"
            BuildableName = "TableView&#x7684;&#x4f7f;&#x7528;.app"
            BlueprintName = "TableView&#x7684;&#x4f7f;&#x7528;"
            ReferencedContainer = "container:SwiftPractise.xcodeproj">
         </BuildableReference>
      </MacroExpansion>
      <AdditionalOptions>
      </AdditionalOptions>
   </TestAction>
   <LaunchAction
      buildConfiguration = "Debug"
      selectedDebuggerIdentifier = "Xcode.DebuggerFoundation.Debugger.LLDB"
      selectedLauncherIdentifier = "Xcode.DebuggerFoundation.Launcher.LLDB"
      launchStyle = "0"
      useCustomWorkingDirectory = "NO"
      ignoresPersistentStateOnLaunch = "NO"
      debugDocumentVersioning = "YES"
      debugServiceExtension = "internal"
      allowLocationSimulation = "YES">
      <BuildableProductRunnable
         runnableDebuggingMode = "0">
         <BuildableReference
            BuildableIdentifier = "primary"
            BlueprintIdentifier = "4574DDF51D938F0E0059B062"
            BuildableName = "TableView&#x7684;&#x4f7f;&#x7528;.app"
            BlueprintName = "TableView&#x7684;&#x4f7f;&#x7528;"
            ReferencedContainer = "container:SwiftPractise.xcodeproj">
         </BuildableReference>
      </BuildableProductRunnable>
      <AdditionalOptions>
      </AdditionalOptions>
   </LaunchAction>
   <ProfileAction
      buildConfiguration = "Release"
      shouldUseLaunchSchemeArgsEnv = "YES"
      savedToolIdentifier = ""
      useCustomWorkingDirectory = "NO"
      debugDocumentVersioning = "YES">
      <BuildableProductRunnable
         runnableDebuggingMode = "0">
         <BuildableReference
            BuildableIdentifier = "primary"
            BlueprintIdentifier = "4574DDF51D938F0E0059B062"
            BuildableName = "TableView&#x7684;&#x4f7f;&#x7528;.app"
            BlueprintName = "TableView&#x7684;&#x4f7f;&#x7528;"
            ReferencedContainer = "container:SwiftPractise.xcodeproj">
         </BuildableReference>
      </BuildableProductRunnable>
   </ProfileAction>
   <AnalyzeAction
      buildConfiguration = "Debug">
   </AnalyzeAction>
   <ArchiveAction
      buildConfiguration = "Release"
      revealArchiveInOrganizer = "YES">
   </ArchiveAction>
</Scheme>
